// !$*UTF8*$!
{
	archiveVersion = 1;
	classes = {
	};
	objectVersion = 46;
	objects = {

/* Begin PBXBuildFile section */
		177586B91E2C00A20031F41A /* AppDelegate.swift in Sources */ = {isa = PBXBuildFile; fileRef = 177586B81E2C00A20031F41A /* AppDelegate.swift */; };
		177586BB1E2C00A20031F41A /* ViewController.swift in Sources */ = {isa = PBXBuildFile; fileRef = 177586BA1E2C00A20031F41A /* ViewController.swift */; };
		177586BE1E2C00A20031F41A /* Main.storyboard in Resources */ = {isa = PBXBuildFile; fileRef = 177586BC1E2C00A20031F41A /* Main.storyboard */; };
		177586C01E2C00A20031F41A /* Assets.xcassets in Resources */ = {isa = PBXBuildFile; fileRef = 177586BF1E2C00A20031F41A /* Assets.xcassets */; };
		177586C31E2C00A20031F41A /* LaunchScreen.storyboard in Resources */ = {isa = PBXBuildFile; fileRef = 177586C11E2C00A20031F41A /* LaunchScreen.storyboard */; };
		177586CB1E2C01710031F41A /* LoginScreen.storyboard in Resources */ = {isa = PBXBuildFile; fileRef = 177586CA1E2C01710031F41A /* LoginScreen.storyboard */; };
		177586D01E2C02270031F41A /* LoginViewController.swift in Sources */ = {isa = PBXBuildFile; fileRef = 177586CF1E2C02270031F41A /* LoginViewController.swift */; };
		177586D21E2C0B1F0031F41A /* LoginButton.swift in Sources */ = {isa = PBXBuildFile; fileRef = 177586D11E2C0B1F0031F41A /* LoginButton.swift */; };
		177586D41E2C0B360031F41A /* FacebookLoginButton.swift in Sources */ = {isa = PBXBuildFile; fileRef = 177586D31E2C0B360031F41A /* FacebookLoginButton.swift */; };
		177586D61E2C0B470031F41A /* TwitterLoginButton.swift in Sources */ = {isa = PBXBuildFile; fileRef = 177586D51E2C0B470031F41A /* TwitterLoginButton.swift */; };
		177586D91E2C2D320031F41A /* FacebookAPIManager.swift in Sources */ = {isa = PBXBuildFile; fileRef = 177586D81E2C2D320031F41A /* FacebookAPIManager.swift */; };
		177586DB1E2C2D730031F41A /* FacebookUser.swift in Sources */ = {isa = PBXBuildFile; fileRef = 177586DA1E2C2D730031F41A /* FacebookUser.swift */; };
		177586DD1E2C2D7F0031F41A /* FacebookPost.swift in Sources */ = {isa = PBXBuildFile; fileRef = 177586DC1E2C2D7F0031F41A /* FacebookPost.swift */; };
		177586DF1E2C2DCF0031F41A /* NetworkingManager.swift in Sources */ = {isa = PBXBuildFile; fileRef = 177586DE1E2C2DCF0031F41A /* NetworkingManager.swift */; };
		177586E61E2D76E20031F41A /* LoginTextField.swift in Sources */ = {isa = PBXBuildFile; fileRef = 177586E51E2D76E20031F41A /* LoginTextField.swift */; };
		78374F4625A02DEE8E0C389C /* Pods_LoginScreen.framework in Frameworks */ = {isa = PBXBuildFile; fileRef = 765C4532F4A869C4E34DD88C /* Pods_LoginScreen.framework */; };
/* End PBXBuildFile section */

/* Begin PBXFileReference section */
		177586B51E2C00A20031F41A /* LoginScreen.app */ = {isa = PBXFileReference; explicitFileType = wrapper.application; includeInIndex = 0; path = LoginScreen.app; sourceTree = BUILT_PRODUCTS_DIR; };
		177586B81E2C00A20031F41A /* AppDelegate.swift */ = {isa = PBXFileReference; lastKnownFileType = sourcecode.swift; path = AppDelegate.swift; sourceTree = "<group>"; };
		177586BA1E2C00A20031F41A /* ViewController.swift */ = {isa = PBXFileReference; lastKnownFileType = sourcecode.swift; path = ViewController.swift; sourceTree = "<group>"; };
		177586BD1E2C00A20031F41A /* Base */ = {isa = PBXFileReference; lastKnownFileType = file.storyboard; name = Base; path = Base.lproj/Main.storyboard; sourceTree = "<group>"; };
		177586BF1E2C00A20031F41A /* Assets.xcassets */ = {isa = PBXFileReference; lastKnownFileType = folder.assetcatalog; path = Assets.xcassets; sourceTree = "<group>"; };
		177586C21E2C00A20031F41A /* Base */ = {isa = PBXFileReference; lastKnownFileType = file.storyboard; name = Base; path = Base.lproj/LaunchScreen.storyboard; sourceTree = "<group>"; };
		177586C41E2C00A20031F41A /* Info.plist */ = {isa = PBXFileReference; lastKnownFileType = text.plist.xml; path = Info.plist; sourceTree = "<group>"; };
		177586CA1E2C01710031F41A /* LoginScreen.storyboard */ = {isa = PBXFileReference; fileEncoding = 4; lastKnownFileType = file.storyboard; path = LoginScreen.storyboard; sourceTree = "<group>"; };
		177586CF1E2C02270031F41A /* LoginViewController.swift */ = {isa = PBXFileReference; fileEncoding = 4; lastKnownFileType = sourcecode.swift; path = LoginViewController.swift; sourceTree = "<group>"; };
		177586D11E2C0B1F0031F41A /* LoginButton.swift */ = {isa = PBXFileReference; fileEncoding = 4; lastKnownFileType = sourcecode.swift; path = LoginButton.swift; sourceTree = "<group>"; };
		177586D31E2C0B360031F41A /* FacebookLoginButton.swift */ = {isa = PBXFileReference; fileEncoding = 4; lastKnownFileType = sourcecode.swift; path = FacebookLoginButton.swift; sourceTree = "<group>"; };
		177586D51E2C0B470031F41A /* TwitterLoginButton.swift */ = {isa = PBXFileReference; fileEncoding = 4; lastKnownFileType = sourcecode.swift; path = TwitterLoginButton.swift; sourceTree = "<group>"; };
		177586D81E2C2D320031F41A /* FacebookAPIManager.swift */ = {isa = PBXFileReference; fileEncoding = 4; lastKnownFileType = sourcecode.swift; path = FacebookAPIManager.swift; sourceTree = "<group>"; };
		177586DA1E2C2D730031F41A /* FacebookUser.swift */ = {isa = PBXFileReference; fileEncoding = 4; lastKnownFileType = sourcecode.swift; path = FacebookUser.swift; sourceTree = "<group>"; };
		177586DC1E2C2D7F0031F41A /* FacebookPost.swift */ = {isa = PBXFileReference; fileEncoding = 4; lastKnownFileType = sourcecode.swift; path = FacebookPost.swift; sourceTree = "<group>"; };
		177586DE1E2C2DCF0031F41A /* NetworkingManager.swift */ = {isa = PBXFileReference; fileEncoding = 4; lastKnownFileType = sourcecode.swift; path = NetworkingManager.swift; sourceTree = "<group>"; };
		177586E51E2D76E20031F41A /* LoginTextField.swift */ = {isa = PBXFileReference; fileEncoding = 4; lastKnownFileType = sourcecode.swift; path = LoginTextField.swift; sourceTree = "<group>"; };
		765C4532F4A869C4E34DD88C /* Pods_LoginScreen.framework */ = {isa = PBXFileReference; explicitFileType = wrapper.framework; includeInIndex = 0; path = Pods_LoginScreen.framework; sourceTree = BUILT_PRODUCTS_DIR; };
		AFBE4766B40AB4C53556DA02 /* Pods-LoginScreen.debug.xcconfig */ = {isa = PBXFileReference; includeInIndex = 1; lastKnownFileType = text.xcconfig; name = "Pods-LoginScreen.debug.xcconfig"; path = "Pods/Target Support Files/Pods-LoginScreen/Pods-LoginScreen.debug.xcconfig"; sourceTree = "<group>"; };
		FA344B2888E22A5E7B1DB02C /* Pods-LoginScreen.release.xcconfig */ = {isa = PBXFileReference; includeInIndex = 1; lastKnownFileType = text.xcconfig; name = "Pods-LoginScreen.release.xcconfig"; path = "Pods/Target Support Files/Pods-LoginScreen/Pods-LoginScreen.release.xcconfig"; sourceTree = "<group>"; };
/* End PBXFileReference section */

/* Begin PBXFrameworksBuildPhase section */
		177586B21E2C00A20031F41A /* Frameworks */ = {
			isa = PBXFrameworksBuildPhase;
			buildActionMask = 2147483647;
			files = (
				78374F4625A02DEE8E0C389C /* Pods_LoginScreen.framework in Frameworks */,
			);
			runOnlyForDeploymentPostprocessing = 0;
		};
/* End PBXFrameworksBuildPhase section */

/* Begin PBXGroup section */
		177586AC1E2C00A20031F41A = {
			isa = PBXGroup;
			children = (
				177586B71E2C00A20031F41A /* LoginScreen */,
				177586B61E2C00A20031F41A /* Products */,
				FF56FDE856836379CF9C0112 /* Pods */,
				9F6B88C9509D664F254A1B7F /* Frameworks */,
			);
			sourceTree = "<group>";
		};
		177586B61E2C00A20031F41A /* Products */ = {
			isa = PBXGroup;
			children = (
				177586B51E2C00A20031F41A /* LoginScreen.app */,
			);
			name = Products;
			sourceTree = "<group>";
		};
		177586B71E2C00A20031F41A /* LoginScreen */ = {
			isa = PBXGroup;
			children = (
				177586D71E2C2D0D0031F41A /* Controllers */,
				177586CD1E2C01F60031F41A /* Models */,
				177586CE1E2C02060031F41A /* ViewControllers */,
				177586CC1E2C01A20031F41A /* Interface */,
				177586B81E2C00A20031F41A /* AppDelegate.swift */,
				177586BA1E2C00A20031F41A /* ViewController.swift */,
				177586BC1E2C00A20031F41A /* Main.storyboard */,
				177586BF1E2C00A20031F41A /* Assets.xcassets */,
				177586C11E2C00A20031F41A /* LaunchScreen.storyboard */,
				177586C41E2C00A20031F41A /* Info.plist */,
			);
			path = LoginScreen;
			sourceTree = "<group>";
		};
		177586CC1E2C01A20031F41A /* Interface */ = {
			isa = PBXGroup;
			children = (
				177586CA1E2C01710031F41A /* LoginScreen.storyboard */,
				177586D11E2C0B1F0031F41A /* LoginButton.swift */,
				177586D31E2C0B360031F41A /* FacebookLoginButton.swift */,
				177586D51E2C0B470031F41A /* TwitterLoginButton.swift */,
				177586E51E2D76E20031F41A /* LoginTextField.swift */,
			);
			path = Interface;
			sourceTree = "<group>";
		};
		177586CD1E2C01F60031F41A /* Models */ = {
			isa = PBXGroup;
			children = (
				177586DA1E2C2D730031F41A /* FacebookUser.swift */,
				177586DC1E2C2D7F0031F41A /* FacebookPost.swift */,
			);
			path = Models;
			sourceTree = "<group>";
		};
		177586CE1E2C02060031F41A /* ViewControllers */ = {
			isa = PBXGroup;
			children = (
				177586CF1E2C02270031F41A /* LoginViewController.swift */,
			);
			path = ViewControllers;
			sourceTree = "<group>";
		};
		177586D71E2C2D0D0031F41A /* Controllers */ = {
			isa = PBXGroup;
			children = (
				177586D81E2C2D320031F41A /* FacebookAPIManager.swift */,
				177586DE1E2C2DCF0031F41A /* NetworkingManager.swift */,
			);
			path = Controllers;
			sourceTree = "<group>";
		};
		9F6B88C9509D664F254A1B7F /* Frameworks */ = {
			isa = PBXGroup;
			children = (
				765C4532F4A869C4E34DD88C /* Pods_LoginScreen.framework */,
			);
			name = Frameworks;
			sourceTree = "<group>";
		};
		FF56FDE856836379CF9C0112 /* Pods */ = {
			isa = PBXGroup;
			children = (
				AFBE4766B40AB4C53556DA02 /* Pods-LoginScreen.debug.xcconfig */,
				FA344B2888E22A5E7B1DB02C /* Pods-LoginScreen.release.xcconfig */,
			);
			name = Pods;
			sourceTree = "<group>";
		};
/* End PBXGroup section */

/* Begin PBXNativeTarget section */
		177586B41E2C00A20031F41A /* LoginScreen */ = {
			isa = PBXNativeTarget;
			buildConfigurationList = 177586C71E2C00A20031F41A /* Build configuration list for PBXNativeTarget "LoginScreen" */;
			buildPhases = (
				A54275F5E87AA1C12B33AF58 /* [CP] Check Pods Manifest.lock */,
				177586B11E2C00A20031F41A /* Sources */,
				177586B21E2C00A20031F41A /* Frameworks */,
				177586B31E2C00A20031F41A /* Resources */,
				5839CC6F030D87EC12993666 /* [CP] Embed Pods Frameworks */,
				F0D5D6DEAA2DC50741A23BE4 /* [CP] Copy Pods Resources */,
			);
			buildRules = (
			);
			dependencies = (
			);
			name = LoginScreen;
			productName = LoginScreen;
			productReference = 177586B51E2C00A20031F41A /* LoginScreen.app */;
			productType = "com.apple.product-type.application";
		};
/* End PBXNativeTarget section */

/* Begin PBXProject section */
		177586AD1E2C00A20031F41A /* Project object */ = {
			isa = PBXProject;
			attributes = {
				LastSwiftUpdateCheck = 0820;
				LastUpgradeCheck = 0820;
				ORGANIZATIONNAME = "iOS App Templates";
				TargetAttributes = {
					177586B41E2C00A20031F41A = {
						CreatedOnToolsVersion = 8.2.1;
						DevelopmentTeam = L693HRC9HY;
						ProvisioningStyle = Automatic;
					};
				};
			};
			buildConfigurationList = 177586B01E2C00A20031F41A /* Build configuration list for PBXProject "LoginScreen" */;
			compatibilityVersion = "Xcode 3.2";
			developmentRegion = English;
			hasScannedForEncodings = 0;
			knownRegions = (
				English,
				en,
				Base,
			);
			mainGroup = 177586AC1E2C00A20031F41A;
			productRefGroup = 177586B61E2C00A20031F41A /* Products */;
			projectDirPath = "";
			projectRoot = "";
			targets = (
				177586B41E2C00A20031F41A /* LoginScreen */,
			);
		};
/* End PBXProject section */

/* Begin PBXResourcesBuildPhase section */
		177586B31E2C00A20031F41A /* Resources */ = {
			isa = PBXResourcesBuildPhase;
			buildActionMask = 2147483647;
			files = (
				177586C31E2C00A20031F41A /* LaunchScreen.storyboard in Resources */,
				177586C01E2C00A20031F41A /* Assets.xcassets in Resources */,
				177586CB1E2C01710031F41A /* LoginScreen.storyboard in Resources */,
				177586BE1E2C00A20031F41A /* Main.storyboard in Resources */,
			);
			runOnlyForDeploymentPostprocessing = 0;
		};
/* End PBXResourcesBuildPhase section */

/* Begin PBXShellScriptBuildPhase section */
		5839CC6F030D87EC12993666 /* [CP] Embed Pods Frameworks */ = {
			isa = PBXShellScriptBuildPhase;
			buildActionMask = 2147483647;
			files = (
			);
			inputPaths = (
				"${SRCROOT}/Pods/Target Support Files/Pods-LoginScreen/Pods-LoginScreen-frameworks.sh",
				"${BUILT_PRODUCTS_DIR}/AFNetworking/AFNetworking.framework",
				"${BUILT_PRODUCTS_DIR}/Bolts/Bolts.framework",
				"${BUILT_PRODUCTS_DIR}/FBSDKCoreKit/FBSDKCoreKit.framework",
				"${BUILT_PRODUCTS_DIR}/FBSDKLoginKit/FBSDKLoginKit.framework",
				"${BUILT_PRODUCTS_DIR}/FBSDKShareKit/FBSDKShareKit.framework",
				"${BUILT_PRODUCTS_DIR}/FacebookCore/FacebookCore.framework",
				"${BUILT_PRODUCTS_DIR}/FacebookLogin/FacebookLogin.framework",
				"${BUILT_PRODUCTS_DIR}/FacebookShare/FacebookShare.framework",
				"${PODS_ROOT}/TwitterCore/iOS/TwitterCore.framework",
				"${PODS_ROOT}/TwitterKit/iOS/TwitterKit.framework",
			);
			name = "[CP] Embed Pods Frameworks";
			outputPaths = (
				"${TARGET_BUILD_DIR}/${FRAMEWORKS_FOLDER_PATH}/AFNetworking.framework",
				"${TARGET_BUILD_DIR}/${FRAMEWORKS_FOLDER_PATH}/Bolts.framework",
				"${TARGET_BUILD_DIR}/${FRAMEWORKS_FOLDER_PATH}/FBSDKCoreKit.framework",
				"${TARGET_BUILD_DIR}/${FRAMEWORKS_FOLDER_PATH}/FBSDKLoginKit.framework",
				"${TARGET_BUILD_DIR}/${FRAMEWORKS_FOLDER_PATH}/FBSDKShareKit.framework",
				"${TARGET_BUILD_DIR}/${FRAMEWORKS_FOLDER_PATH}/FacebookCore.framework",
				"${TARGET_BUILD_DIR}/${FRAMEWORKS_FOLDER_PATH}/FacebookLogin.framework",
				"${TARGET_BUILD_DIR}/${FRAMEWORKS_FOLDER_PATH}/FacebookShare.framework",
				"${TARGET_BUILD_DIR}/${FRAMEWORKS_FOLDER_PATH}/TwitterCore.framework",
				"${TARGET_BUILD_DIR}/${FRAMEWORKS_FOLDER_PATH}/TwitterKit.framework",
			);
			runOnlyForDeploymentPostprocessing = 0;
			shellPath = /bin/sh;
			shellScript = "\"${SRCROOT}/Pods/Target Support Files/Pods-LoginScreen/Pods-LoginScreen-frameworks.sh\"\n";
			showEnvVarsInLog = 0;
		};
		A54275F5E87AA1C12B33AF58 /* [CP] Check Pods Manifest.lock */ = {
			isa = PBXShellScriptBuildPhase;
			buildActionMask = 2147483647;
			files = (
			);
			inputPaths = (
				"${PODS_PODFILE_DIR_PATH}/Podfile.lock",
				"${PODS_ROOT}/Manifest.lock",
			);
			name = "[CP] Check Pods Manifest.lock";
			outputPaths = (
				"$(DERIVED_FILE_DIR)/Pods-LoginScreen-checkManifestLockResult.txt",
			);
			runOnlyForDeploymentPostprocessing = 0;
			shellPath = /bin/sh;
			shellScript = "diff \"${PODS_PODFILE_DIR_PATH}/Podfile.lock\" \"${PODS_ROOT}/Manifest.lock\" > /dev/null\nif [ $? != 0 ] ; then\n    # print error to STDERR\n    echo \"error: The sandbox is not in sync with the Podfile.lock. Run 'pod install' or update your CocoaPods installation.\" >&2\n    exit 1\nfi\n# This output is used by Xcode 'outputs' to avoid re-running this script phase.\necho \"SUCCESS\" > \"${SCRIPT_OUTPUT_FILE_0}\"\n";
			showEnvVarsInLog = 0;
		};
		F0D5D6DEAA2DC50741A23BE4 /* [CP] Copy Pods Resources */ = {
			isa = PBXShellScriptBuildPhase;
			buildActionMask = 2147483647;
			files = (
			);
			inputPaths = (
				"${SRCROOT}/Pods/Target Support Files/Pods-LoginScreen/Pods-LoginScreen-resources.sh",
				"${PODS_ROOT}/TwitterKit/iOS/TwitterKit.framework/TwitterKitResources.bundle",
			);
			name = "[CP] Copy Pods Resources";
			outputPaths = (
				"${TARGET_BUILD_DIR}/${UNLOCALIZED_RESOURCES_FOLDER_PATH}/TwitterKitResources.bundle",
			);
			runOnlyForDeploymentPostprocessing = 0;
			shellPath = /bin/sh;
			shellScript = "\"${SRCROOT}/Pods/Target Support Files/Pods-LoginScreen/Pods-LoginScreen-resources.sh\"\n";
			showEnvVarsInLog = 0;
		};
/* End PBXShellScriptBuildPhase section */

/* Begin PBXSourcesBuildPhase section */
		177586B11E2C00A20031F41A /* Sources */ = {
			isa = PBXSourcesBuildPhase;
			buildActionMask = 2147483647;
			files = (
				177586D01E2C02270031F41A /* LoginViewController.swift in Sources */,
				177586DD1E2C2D7F0031F41A /* FacebookPost.swift in Sources */,
				177586D91E2C2D320031F41A /* FacebookAPIManager.swift in Sources */,
				177586DF1E2C2DCF0031F41A /* NetworkingManager.swift in Sources */,
				177586D41E2C0B360031F41A /* FacebookLoginButton.swift in Sources */,
				177586D21E2C0B1F0031F41A /* LoginButton.swift in Sources */,
				177586E61E2D76E20031F41A /* LoginTextField.swift in Sources */,
				177586BB1E2C00A20031F41A /* ViewController.swift in Sources */,
				177586B91E2C00A20031F41A /* AppDelegate.swift in Sources */,
				177586DB1E2C2D730031F41A /* FacebookUser.swift in Sources */,
				177586D61E2C0B470031F41A /* TwitterLoginButton.swift in Sources */,
			);
			runOnlyForDeploymentPostprocessing = 0;
		};
/* End PBXSourcesBuildPhase section */

/* Begin PBXVariantGroup section */
		177586BC1E2C00A20031F41A /* Main.storyboard */ = {
			isa = PBXVariantGroup;
			children = (
				177586BD1E2C00A20031F41A /* Base */,
			);
			name = Main.storyboard;
			sourceTree = "<group>";
		};
		177586C11E2C00A20031F41A /* LaunchScreen.storyboard */ = {
			isa = PBXVariantGroup;
			children = (
				177586C21E2C00A20031F41A /* Base */,
			);
			name = LaunchScreen.storyboard;
			sourceTree = "<group>";
		};
/* End PBXVariantGroup section */

/* Begin XCBuildConfiguration section */
		177586C51E2C00A20031F41A /* Debug */ = {
			isa = XCBuildConfiguration;
			buildSettings = {
				ALWAYS_SEARCH_USER_PATHS = NO;
				CLANG_ANALYZER_NONNULL = YES;
				CLANG_CXX_LANGUAGE_STANDARD = "gnu++0x";
				CLANG_CXX_LIBRARY = "libc++";
				CLANG_ENABLE_MODULES = YES;
				CLANG_ENABLE_OBJC_ARC = YES;
				CLANG_WARN_BOOL_CONVERSION = YES;
				CLANG_WARN_CONSTANT_CONVERSION = YES;
				CLANG_WARN_DIRECT_OBJC_ISA_USAGE = YES_ERROR;
				CLANG_WARN_DOCUMENTATION_COMMENTS = YES;
				CLANG_WARN_EMPTY_BODY = YES;
				CLANG_WARN_ENUM_CONVERSION = YES;
				CLANG_WARN_INFINITE_RECURSION = YES;
				CLANG_WARN_INT_CONVERSION = YES;
				CLANG_WARN_OBJC_ROOT_CLASS = YES_ERROR;
				CLANG_WARN_SUSPICIOUS_MOVE = YES;
				CLANG_WARN_UNREACHABLE_CODE = YES;
				CLANG_WARN__DUPLICATE_METHOD_MATCH = YES;
				"CODE_SIGN_IDENTITY[sdk=iphoneos*]" = "iPhone Developer";
				COPY_PHASE_STRIP = NO;
				DEBUG_INFORMATION_FORMAT = dwarf;
				ENABLE_STRICT_OBJC_MSGSEND = YES;
				ENABLE_TESTABILITY = YES;
				GCC_C_LANGUAGE_STANDARD = gnu99;
				GCC_DYNAMIC_NO_PIC = NO;
				GCC_NO_COMMON_BLOCKS = YES;
				GCC_OPTIMIZATION_LEVEL = 0;
				GCC_PREPROCESSOR_DEFINITIONS = (
					"DEBUG=1",
					"$(inherited)",
				);
				GCC_WARN_64_TO_32_BIT_CONVERSION = YES;
				GCC_WARN_ABOUT_RETURN_TYPE = YES_ERROR;
				GCC_WARN_UNDECLARED_SELECTOR = YES;
				GCC_WARN_UNINITIALIZED_AUTOS = YES_AGGRESSIVE;
				GCC_WARN_UNUSED_FUNCTION = YES;
				GCC_WARN_UNUSED_VARIABLE = YES;
				IPHONEOS_DEPLOYMENT_TARGET = 10.0;
				MTL_ENABLE_DEBUG_INFO = YES;
				ONLY_ACTIVE_ARCH = YES;
				SDKROOT = iphoneos;
				SWIFT_ACTIVE_COMPILATION_CONDITIONS = DEBUG;
				SWIFT_OPTIMIZATION_LEVEL = "-Onone";
				SWIFT_VERSION = 4.0;
				TARGETED_DEVICE_FAMILY = "1,2";
			};
			name = Debug;
		};
		177586C61E2C00A20031F41A /* Release */ = {
			isa = XCBuildConfiguration;
			buildSettings = {
				ALWAYS_SEARCH_USER_PATHS = NO;
				CLANG_ANALYZER_NONNULL = YES;
				CLANG_CXX_LANGUAGE_STANDARD = "gnu++0x";
				CLANG_CXX_LIBRARY = "libc++";
				CLANG_ENABLE_MODULES = YES;
				CLANG_ENABLE_OBJC_ARC = YES;
				CLANG_WARN_BOOL_CONVERSION = YES;
				CLANG_WARN_CONSTANT_CONVERSION = YES;
				CLANG_WARN_DIRECT_OBJC_ISA_USAGE = YES_ERROR;
				CLANG_WARN_DOCUMENTATION_COMMENTS = YES;
				CLANG_WARN_EMPTY_BODY = YES;
				CLANG_WARN_ENUM_CONVERSION = YES;
				CLANG_WARN_INFINITE_RECURSION = YES;
				CLANG_WARN_INT_CONVERSION = YES;
				CLANG_WARN_OBJC_ROOT_CLASS = YES_ERROR;
				CLANG_WARN_SUSPICIOUS_MOVE = YES;
				CLANG_WARN_UNREACHABLE_CODE = YES;
				CLANG_WARN__DUPLICATE_METHOD_MATCH = YES;
				"CODE_SIGN_IDENTITY[sdk=iphoneos*]" = "iPhone Developer";
				COPY_PHASE_STRIP = NO;
				DEBUG_INFORMATION_FORMAT = "dwarf-with-dsym";
				ENABLE_NS_ASSERTIONS = NO;
				ENABLE_STRICT_OBJC_MSGSEND = YES;
				GCC_C_LANGUAGE_STANDARD = gnu99;
				GCC_NO_COMMON_BLOCKS = YES;
				GCC_WARN_64_TO_32_BIT_CONVERSION = YES;
				GCC_WARN_ABOUT_RETURN_TYPE = YES_ERROR;
				GCC_WARN_UNDECLARED_SELECTOR = YES;
				GCC_WARN_UNINITIALIZED_AUTOS = YES_AGGRESSIVE;
				GCC_WARN_UNUSED_FUNCTION = YES;
				GCC_WARN_UNUSED_VARIABLE = YES;
				IPHONEOS_DEPLOYMENT_TARGET = 10.0;
				MTL_ENABLE_DEBUG_INFO = NO;
				SDKROOT = iphoneos;
				SWIFT_OPTIMIZATION_LEVEL = "-Owholemodule";
				SWIFT_VERSION = 4.0;
				TARGETED_DEVICE_FAMILY = "1,2";
				VALIDATE_PRODUCT = YES;
			};
			name = Release;
		};
		177586C81E2C00A20031F41A /* Debug */ = {
			isa = XCBuildConfiguration;
			baseConfigurationReference = AFBE4766B40AB4C53556DA02 /* Pods-LoginScreen.debug.xcconfig */;
			buildSettings = {
				ASSETCATALOG_COMPILER_APPICON_NAME = AppIcon;
				"CODE_SIGN_IDENTITY[sdk=iphoneos*]" = "iPhone Developer";
				DEVELOPMENT_TEAM = L693HRC9HY;
				INFOPLIST_FILE = LoginScreen/Info.plist;
				LD_RUNPATH_SEARCH_PATHS = "$(inherited) @executable_path/Frameworks";
				PRODUCT_BUNDLE_IDENTIFIER = iOSAppTemplatesCom.LoginScreen;
				PRODUCT_NAME = "$(TARGET_NAME)";
				SWIFT_VERSION = 5.0;
			};
			name = Debug;
		};
		177586C91E2C00A20031F41A /* Release */ = {
			isa = XCBuildConfiguration;
			baseConfigurationReference = FA344B2888E22A5E7B1DB02C /* Pods-LoginScreen.release.xcconfig */;
			buildSettings = {
				ASSETCATALOG_COMPILER_APPICON_NAME = AppIcon;
				"CODE_SIGN_IDENTITY[sdk=iphoneos*]" = "iPhone Developer";
				DEVELOPMENT_TEAM = L693HRC9HY;
				INFOPLIST_FILE = LoginScreen/Info.plist;
				LD_RUNPATH_SEARCH_PATHS = "$(inherited) @executable_path/Frameworks";
				PRODUCT_BUNDLE_IDENTIFIER = iOSAppTemplatesCom.LoginScreen;
				PRODUCT_NAME = "$(TARGET_NAME)";
				SWIFT_VERSION = 5.0;
			};
			name = Release;
		};
/* End XCBuildConfiguration section */

/* Begin XCConfigurationList section */
		177586B01E2C00A20031F41A /* Build configuration list for PBXProject "LoginScreen" */ = {
			isa = XCConfigurationList;
			buildConfigurations = (
				177586C51E2C00A20031F41A /* Debug */,
				177586C61E2C00A20031F41A /* Release */,
			);
			defaultConfigurationIsVisible = 0;
			defaultConfigurationName = Release;
		};
		177586C71E2C00A20031F41A /* Build configuration list for PBXNativeTarget "LoginScreen" */ = {
			isa = XCConfigurationList;
			buildConfigurations = (
				177586C81E2C00A20031F41A /* Debug */,
				177586C91E2C00A20031F41A /* Release */,
			);
			defaultConfigurationIsVisible = 0;
			defaultConfigurationName = Release;
		};
/* End XCConfigurationList section */
	};
	rootObject = 177586AD1E2C00A20031F41A /* Project object */;
}
